<?xml version="1.0" encoding="utf-8"?>
<Project ToolsVersion="4.0" xmlns="http://schemas.microsoft.com/developer/msbuild/2003">
  <ItemGroup>
    <Filter Include="Public">
      <UniqueIdentifier>{7b20af36-57ec-4f19-99a3-90927ce1ad81}</UniqueIdentifier>
    </Filter>
    <Filter Include="Private">
      <UniqueIdentifier>{0a74d8d9-fa03-4f0c-9f18-8daaca502e75}</UniqueIdentifier>
    </Filter>
    <Filter Include="Private\Nodes">
      <UniqueIdentifier>{f9650764-bd53-468d-baf6-34ae1cee4c09}</UniqueIdentifier>
    </Filter>
    <Filter Include="Private\Attachments">
      <UniqueIdentifier>{0fbba65f-7fbf-4a24-9100-7d3684155626}</UniqueIdentifier>
    </Filter>
    <Filter Include="Public\Attachments">
      <UniqueIdentifier>{e7b5bd18-a030-490b-9e86-c25814d0c68c}</UniqueIdentifier>
    </Filter>
    <Filter Include="Public\Nodes">
      <UniqueIdentifier>{92b9278f-58b8-45e9-8fb9-48daad7d03c4}</UniqueIdentifier>
    </Filter>
    <Filter Include="Public\Nodes\Composites">
      <UniqueIdentifier>{afba72d5-6851-4757-afac-7895e3e4b916}</UniqueIdentifier>
    </Filter>
    <Filter Include="Public\Nodes\Actions">
      <UniqueIdentifier>{0dc20049-0c06-4cc9-9411-b91a331c516d}</UniqueIdentifier>
    </Filter>
    <Filter Include="Private\Nodes\Composites">
      <UniqueIdentifier>{b7e5a353-5c0b-41a7-9de3-0f0a822586d3}</UniqueIdentifier>
    </Filter>
    <Filter Include="Private\Nodes\Actions">
      <UniqueIdentifier>{9877a00d-ca52-411f-93ab-a6f58bfc9f7e}</UniqueIdentifier>
    </Filter>
  </ItemGroup>
  <ItemGroup>
    <ClInclude Include="..\Codes\Public\Nodes\Actions\action.h">
      <Filter>Public\Nodes\Actions</Filter>
    </ClInclude>
    <ClInclude Include="..\Codes\Private\Nodes\Composites\selector.h">
      <Filter>Public\Nodes\Composites</Filter>
    </ClInclude>
  </ItemGroup>
  <ItemGroup>
    <ClCompile Include="..\Codes\Private\Nodes\Actions\action.cpp">
      <Filter>Private\Nodes\Actions</Filter>
    </ClCompile>
    <ClCompile Include="..\Codes\Private\Nodes\Composites\selector.cpp">
      <Filter>Private\Nodes\Composites</Filter>
    </ClCompile>
  </ItemGroup>
</Project>